// !$*UTF8*$!
{
	archiveVersion = 1;
	classes = {
	};
	objectVersion = 46;
	objects = {

/* Begin PBXBuildFile section */
		76022F7E1725E11C004D6B9E /* PDFViewController.m in Sources */ = {isa = PBXBuildFile; fileRef = 76022F7D1725E11C004D6B9E /* PDFViewController.m */; };
		76022F801725E197004D6B9E /* metrolink_system_map.pdf in Resources */ = {isa = PBXBuildFile; fileRef = 76022F7F1725E197004D6B9E /* metrolink_system_map.pdf */; };
		76022F861725EA50004D6B9E /* QuartzCore.framework in Frameworks */ = {isa = PBXBuildFile; fileRef = 76022F851725EA50004D6B9E /* QuartzCore.framework */; };
		769405A11723A86500B7C2AD /* MetroDatabase.m in Sources */ = {isa = PBXBuildFile; fileRef = 769405A01723A86500B7C2AD /* MetroDatabase.m */; };
		769405A41723BBE300B7C2AD /* MetroRoute.m in Sources */ = {isa = PBXBuildFile; fileRef = 769405A31723BBE300B7C2AD /* MetroRoute.m */; };
		769405A617249BBC00B7C2AD /* libsqlite3.dylib in Frameworks */ = {isa = PBXBuildFile; fileRef = 769405A517249BBC00B7C2AD /* libsqlite3.dylib */; };
		76DE093B1725EF22008D57C2 /* PDFScrollView.m in Sources */ = {isa = PBXBuildFile; fileRef = 76DE093A1725EF22008D57C2 /* PDFScrollView.m */; };
		76DE093E1725EFF0008D57C2 /* TiledPDFView.m in Sources */ = {isa = PBXBuildFile; fileRef = 76DE093D1725EFF0008D57C2 /* TiledPDFView.m */; };
		76DE094317261767008D57C2 /* OCTADatabase.m in Sources */ = {isa = PBXBuildFile; fileRef = 76DE094217261766008D57C2 /* OCTADatabase.m */; };
		76DE09461726226A008D57C2 /* OCTARoute.m in Sources */ = {isa = PBXBuildFile; fileRef = 76DE09451726226A008D57C2 /* OCTARoute.m */; };
		76FE7966171F6C160023C62C /* UIKit.framework in Frameworks */ = {isa = PBXBuildFile; fileRef = 76FE7965171F6C160023C62C /* UIKit.framework */; };
		76FE7968171F6C160023C62C /* Foundation.framework in Frameworks */ = {isa = PBXBuildFile; fileRef = 76FE7967171F6C160023C62C /* Foundation.framework */; };
		76FE796A171F6C160023C62C /* CoreGraphics.framework in Frameworks */ = {isa = PBXBuildFile; fileRef = 76FE7969171F6C160023C62C /* CoreGraphics.framework */; };
		76FE7970171F6C160023C62C /* InfoPlist.strings in Resources */ = {isa = PBXBuildFile; fileRef = 76FE796E171F6C160023C62C /* InfoPlist.strings */; };
		76FE7972171F6C160023C62C /* main.m in Sources */ = {isa = PBXBuildFile; fileRef = 76FE7971171F6C160023C62C /* main.m */; };
		76FE7976171F6C160023C62C /* MassTransitAppDelegate.m in Sources */ = {isa = PBXBuildFile; fileRef = 76FE7975171F6C160023C62C /* MassTransitAppDelegate.m */; };
		76FE7978171F6C160023C62C /* Default.png in Resources */ = {isa = PBXBuildFile; fileRef = 76FE7977171F6C160023C62C /* Default.png */; };
		76FE797A171F6C160023C62C /* Default@2x.png in Resources */ = {isa = PBXBuildFile; fileRef = 76FE7979171F6C160023C62C /* Default@2x.png */; };
		76FE797C171F6C160023C62C /* Default-568h@2x.png in Resources */ = {isa = PBXBuildFile; fileRef = 76FE797B171F6C160023C62C /* Default-568h@2x.png */; };
		76FE797F171F6C160023C62C /* MainStoryboard.storyboard in Resources */ = {isa = PBXBuildFile; fileRef = 76FE797D171F6C160023C62C /* MainStoryboard.storyboard */; };
		76FE7982171F6C160023C62C /* MassTransitViewController.m in Sources */ = {isa = PBXBuildFile; fileRef = 76FE7981171F6C160023C62C /* MassTransitViewController.m */; };
		76FE798B171F6D3A0023C62C /* Metrolink.sq3 in Resources */ = {isa = PBXBuildFile; fileRef = 76FE7988171F6D080023C62C /* Metrolink.sq3 */; };
		76FE798C171F6D3A0023C62C /* MTA.sq3 in Resources */ = {isa = PBXBuildFile; fileRef = 76FE7989171F6D080023C62C /* MTA.sq3 */; };
		76FE798D171F6D3A0023C62C /* OCTA.sq3 in Resources */ = {isa = PBXBuildFile; fileRef = 76FE798A171F6D080023C62C /* OCTA.sq3 */; };
		76FE7990171F75370023C62C /* MassTransitTableViewController.m in Sources */ = {isa = PBXBuildFile; fileRef = 76FE798F171F75370023C62C /* MassTransitTableViewController.m */; };
		76FE7993171F756E0023C62C /* RoutesTableViewController.m in Sources */ = {isa = PBXBuildFile; fileRef = 76FE7992171F756E0023C62C /* RoutesTableViewController.m */; };
/* End PBXBuildFile section */

/* Begin PBXFileReference section */
		76022F7C1725E11C004D6B9E /* PDFViewController.h */ = {isa = PBXFileReference; fileEncoding = 4; lastKnownFileType = sourcecode.c.h; path = PDFViewController.h; sourceTree = "<group>"; };
		76022F7D1725E11C004D6B9E /* PDFViewController.m */ = {isa = PBXFileReference; fileEncoding = 4; lastKnownFileType = sourcecode.c.objc; path = PDFViewController.m; sourceTree = "<group>"; };
		76022F7F1725E197004D6B9E /* metrolink_system_map.pdf */ = {isa = PBXFileReference; lastKnownFileType = image.pdf; path = metrolink_system_map.pdf; sourceTree = "<group>"; };
		76022F851725EA50004D6B9E /* QuartzCore.framework */ = {isa = PBXFileReference; lastKnownFileType = wrapper.framework; name = QuartzCore.framework; path = System/Library/Frameworks/QuartzCore.framework; sourceTree = SDKROOT; };
		7694059F1723A86500B7C2AD /* MetroDatabase.h */ = {isa = PBXFileReference; fileEncoding = 4; lastKnownFileType = sourcecode.c.h; path = MetroDatabase.h; sourceTree = "<group>"; };
		769405A01723A86500B7C2AD /* MetroDatabase.m */ = {isa = PBXFileReference; fileEncoding = 4; lastKnownFileType = sourcecode.c.objc; path = MetroDatabase.m; sourceTree = "<group>"; };
		769405A21723BBE300B7C2AD /* MetroRoute.h */ = {isa = PBXFileReference; fileEncoding = 4; lastKnownFileType = sourcecode.c.h; path = MetroRoute.h; sourceTree = "<group>"; };
		769405A31723BBE300B7C2AD /* MetroRoute.m */ = {isa = PBXFileReference; fileEncoding = 4; lastKnownFileType = sourcecode.c.objc; path = MetroRoute.m; sourceTree = "<group>"; };
		769405A517249BBC00B7C2AD /* libsqlite3.dylib */ = {isa = PBXFileReference; lastKnownFileType = "compiled.mach-o.dylib"; name = libsqlite3.dylib; path = usr/lib/libsqlite3.dylib; sourceTree = SDKROOT; };
		76DE09391725EF22008D57C2 /* PDFScrollView.h */ = {isa = PBXFileReference; fileEncoding = 4; lastKnownFileType = sourcecode.c.h; path = PDFScrollView.h; sourceTree = "<group>"; };
		76DE093A1725EF22008D57C2 /* PDFScrollView.m */ = {isa = PBXFileReference; fileEncoding = 4; lastKnownFileType = sourcecode.c.objc; path = PDFScrollView.m; sourceTree = "<group>"; };
		76DE093C1725EFF0008D57C2 /* TiledPDFView.h */ = {isa = PBXFileReference; fileEncoding = 4; lastKnownFileType = sourcecode.c.h; path = TiledPDFView.h; sourceTree = "<group>"; };
		76DE093D1725EFF0008D57C2 /* TiledPDFView.m */ = {isa = PBXFileReference; fileEncoding = 4; lastKnownFileType = sourcecode.c.objc; path = TiledPDFView.m; sourceTree = "<group>"; };
		76DE094117261766008D57C2 /* OCTADatabase.h */ = {isa = PBXFileReference; fileEncoding = 4; lastKnownFileType = sourcecode.c.h; path = OCTADatabase.h; sourceTree = "<group>"; };
		76DE094217261766008D57C2 /* OCTADatabase.m */ = {isa = PBXFileReference; fileEncoding = 4; lastKnownFileType = sourcecode.c.objc; path = OCTADatabase.m; sourceTree = "<group>"; };
		76DE09441726226A008D57C2 /* OCTARoute.h */ = {isa = PBXFileReference; fileEncoding = 4; lastKnownFileType = sourcecode.c.h; path = OCTARoute.h; sourceTree = "<group>"; };
		76DE09451726226A008D57C2 /* OCTARoute.m */ = {isa = PBXFileReference; fileEncoding = 4; lastKnownFileType = sourcecode.c.objc; path = OCTARoute.m; sourceTree = "<group>"; };
		76FE7962171F6C160023C62C /* MassTransit.app */ = {isa = PBXFileReference; explicitFileType = wrapper.application; includeInIndex = 0; path = MassTransit.app; sourceTree = BUILT_PRODUCTS_DIR; };
		76FE7965171F6C160023C62C /* UIKit.framework */ = {isa = PBXFileReference; lastKnownFileType = wrapper.framework; name = UIKit.framework; path = System/Library/Frameworks/UIKit.framework; sourceTree = SDKROOT; };
		76FE7967171F6C160023C62C /* Foundation.framework */ = {isa = PBXFileReference; lastKnownFileType = wrapper.framework; name = Foundation.framework; path = System/Library/Frameworks/Foundation.framework; sourceTree = SDKROOT; };
		76FE7969171F6C160023C62C /* CoreGraphics.framework */ = {isa = PBXFileReference; lastKnownFileType = wrapper.framework; name = CoreGraphics.framework; path = System/Library/Frameworks/CoreGraphics.framework; sourceTree = SDKROOT; };
		76FE796D171F6C160023C62C /* MassTransit-Info.plist */ = {isa = PBXFileReference; lastKnownFileType = text.plist.xml; path = "MassTransit-Info.plist"; sourceTree = "<group>"; };
		76FE796F171F6C160023C62C /* en */ = {isa = PBXFileReference; lastKnownFileType = text.plist.strings; name = en; path = en.lproj/InfoPlist.strings; sourceTree = "<group>"; };
		76FE7971171F6C160023C62C /* main.m */ = {isa = PBXFileReference; lastKnownFileType = sourcecode.c.objc; path = main.m; sourceTree = "<group>"; };
		76FE7973171F6C160023C62C /* MassTransit-Prefix.pch */ = {isa = PBXFileReference; lastKnownFileType = sourcecode.c.h; path = "MassTransit-Prefix.pch"; sourceTree = "<group>"; };
		76FE7974171F6C160023C62C /* MassTransitAppDelegate.h */ = {isa = PBXFileReference; lastKnownFileType = sourcecode.c.h; path = MassTransitAppDelegate.h; sourceTree = "<group>"; };
		76FE7975171F6C160023C62C /* MassTransitAppDelegate.m */ = {isa = PBXFileReference; lastKnownFileType = sourcecode.c.objc; path = MassTransitAppDelegate.m; sourceTree = "<group>"; };
		76FE7977171F6C160023C62C /* Default.png */ = {isa = PBXFileReference; lastKnownFileType = image.png; path = Default.png; sourceTree = "<group>"; };
		76FE7979171F6C160023C62C /* Default@2x.png */ = {isa = PBXFileReference; lastKnownFileType = image.png; path = "Default@2x.png"; sourceTree = "<group>"; };
		76FE797B171F6C160023C62C /* Default-568h@2x.png */ = {isa = PBXFileReference; lastKnownFileType = image.png; path = "Default-568h@2x.png"; sourceTree = "<group>"; };
		76FE797E171F6C160023C62C /* en */ = {isa = PBXFileReference; lastKnownFileType = file.storyboard; name = en; path = en.lproj/MainStoryboard.storyboard; sourceTree = "<group>"; };
		76FE7980171F6C160023C62C /* MassTransitViewController.h */ = {isa = PBXFileReference; lastKnownFileType = sourcecode.c.h; path = MassTransitViewController.h; sourceTree = "<group>"; };
		76FE7981171F6C160023C62C /* MassTransitViewController.m */ = {isa = PBXFileReference; lastKnownFileType = sourcecode.c.objc; path = MassTransitViewController.m; sourceTree = "<group>"; };
		76FE7988171F6D080023C62C /* Metrolink.sq3 */ = {isa = PBXFileReference; lastKnownFileType = file; path = Metrolink.sq3; sourceTree = "<group>"; };
		76FE7989171F6D080023C62C /* MTA.sq3 */ = {isa = PBXFileReference; lastKnownFileType = file; path = MTA.sq3; sourceTree = "<group>"; };
		76FE798A171F6D080023C62C /* OCTA.sq3 */ = {isa = PBXFileReference; lastKnownFileType = file; path = OCTA.sq3; sourceTree = "<group>"; };
		76FE798E171F75370023C62C /* MassTransitTableViewController.h */ = {isa = PBXFileReference; fileEncoding = 4; lastKnownFileType = sourcecode.c.h; path = MassTransitTableViewController.h; sourceTree = "<group>"; };
		76FE798F171F75370023C62C /* MassTransitTableViewController.m */ = {isa = PBXFileReference; fileEncoding = 4; lastKnownFileType = sourcecode.c.objc; path = MassTransitTableViewController.m; sourceTree = "<group>"; };
		76FE7991171F756E0023C62C /* RoutesTableViewController.h */ = {isa = PBXFileReference; fileEncoding = 4; lastKnownFileType = sourcecode.c.h; path = RoutesTableViewController.h; sourceTree = "<group>"; };
		76FE7992171F756E0023C62C /* RoutesTableViewController.m */ = {isa = PBXFileReference; fileEncoding = 4; lastKnownFileType = sourcecode.c.objc; path = RoutesTableViewController.m; sourceTree = "<group>"; };
/* End PBXFileReference section */

/* Begin PBXFrameworksBuildPhase section */
		76FE795F171F6C160023C62C /* Frameworks */ = {
			isa = PBXFrameworksBuildPhase;
			buildActionMask = 2147483647;
			files = (
				76022F861725EA50004D6B9E /* QuartzCore.framework in Frameworks */,
				769405A617249BBC00B7C2AD /* libsqlite3.dylib in Frameworks */,
				76FE7966171F6C160023C62C /* UIKit.framework in Frameworks */,
				76FE7968171F6C160023C62C /* Foundation.framework in Frameworks */,
				76FE796A171F6C160023C62C /* CoreGraphics.framework in Frameworks */,
			);
			runOnlyForDeploymentPostprocessing = 0;
		};
/* End PBXFrameworksBuildPhase section */

/* Begin PBXGroup section */
		76FE7959171F6C160023C62C = {
			isa = PBXGroup;
			children = (
				76FE796B171F6C160023C62C /* MassTransit */,
				76FE7964171F6C160023C62C /* Frameworks */,
				76FE7963171F6C160023C62C /* Products */,
			);
			sourceTree = "<group>";
		};
		76FE7963171F6C160023C62C /* Products */ = {
			isa = PBXGroup;
			children = (
				76FE7962171F6C160023C62C /* MassTransit.app */,
			);
			name = Products;
			sourceTree = "<group>";
		};
		76FE7964171F6C160023C62C /* Frameworks */ = {
			isa = PBXGroup;
			children = (
				769405A517249BBC00B7C2AD /* libsqlite3.dylib */,
				76022F851725EA50004D6B9E /* QuartzCore.framework */,
				76FE7965171F6C160023C62C /* UIKit.framework */,
				76FE7967171F6C160023C62C /* Foundation.framework */,
				76FE7969171F6C160023C62C /* CoreGraphics.framework */,
			);
			name = Frameworks;
			sourceTree = "<group>";
		};
		76FE796B171F6C160023C62C /* MassTransit */ = {
			isa = PBXGroup;
			children = (
				76FE7974171F6C160023C62C /* MassTransitAppDelegate.h */,
				76FE7975171F6C160023C62C /* MassTransitAppDelegate.m */,
				76FE797D171F6C160023C62C /* MainStoryboard.storyboard */,
				76FE7991171F756E0023C62C /* RoutesTableViewController.h */,
				76FE7992171F756E0023C62C /* RoutesTableViewController.m */,
				76FE798E171F75370023C62C /* MassTransitTableViewController.h */,
				76FE798F171F75370023C62C /* MassTransitTableViewController.m */,
				76FE7980171F6C160023C62C /* MassTransitViewController.h */,
				76FE7981171F6C160023C62C /* MassTransitViewController.m */,
				7694059F1723A86500B7C2AD /* MetroDatabase.h */,
				769405A01723A86500B7C2AD /* MetroDatabase.m */,
				76DE094117261766008D57C2 /* OCTADatabase.h */,
				76DE094217261766008D57C2 /* OCTADatabase.m */,
				769405A21723BBE300B7C2AD /* MetroRoute.h */,
				769405A31723BBE300B7C2AD /* MetroRoute.m */,
				76DE09441726226A008D57C2 /* OCTARoute.h */,
				76DE09451726226A008D57C2 /* OCTARoute.m */,
				76022F7C1725E11C004D6B9E /* PDFViewController.h */,
				76022F7D1725E11C004D6B9E /* PDFViewController.m */,
				76DE09391725EF22008D57C2 /* PDFScrollView.h */,
				76DE093A1725EF22008D57C2 /* PDFScrollView.m */,
				76DE093C1725EFF0008D57C2 /* TiledPDFView.h */,
				76DE093D1725EFF0008D57C2 /* TiledPDFView.m */,
				76FE796C171F6C160023C62C /* Supporting Files */,
			);
			path = MassTransit;
			sourceTree = "<group>";
		};
		76FE796C171F6C160023C62C /* Supporting Files */ = {
			isa = PBXGroup;
			children = (
				76FE7988171F6D080023C62C /* Metrolink.sq3 */,
				76022F7F1725E197004D6B9E /* metrolink_system_map.pdf */,
				76FE7989171F6D080023C62C /* MTA.sq3 */,
				76FE798A171F6D080023C62C /* OCTA.sq3 */,
				76FE796D171F6C160023C62C /* MassTransit-Info.plist */,
				76FE796E171F6C160023C62C /* InfoPlist.strings */,
				76FE7971171F6C160023C62C /* main.m */,
				76FE7973171F6C160023C62C /* MassTransit-Prefix.pch */,
				76FE7977171F6C160023C62C /* Default.png */,
				76FE7979171F6C160023C62C /* Default@2x.png */,
				76FE797B171F6C160023C62C /* Default-568h@2x.png */,
			);
			name = "Supporting Files";
			sourceTree = "<group>";
		};
/* End PBXGroup section */

/* Begin PBXNativeTarget section */
		76FE7961171F6C160023C62C /* MassTransit */ = {
			isa = PBXNativeTarget;
			buildConfigurationList = 76FE7985171F6C160023C62C /* Build configuration list for PBXNativeTarget "MassTransit" */;
			buildPhases = (
				76FE795E171F6C160023C62C /* Sources */,
				76FE795F171F6C160023C62C /* Frameworks */,
				76FE7960171F6C160023C62C /* Resources */,
			);
			buildRules = (
			);
			dependencies = (
			);
			name = MassTransit;
			productName = MassTransit;
			productReference = 76FE7962171F6C160023C62C /* MassTransit.app */;
			productType = "com.apple.product-type.application";
		};
/* End PBXNativeTarget section */

/* Begin PBXProject section */
		76FE795A171F6C160023C62C /* Project object */ = {
			isa = PBXProject;
			attributes = {
				CLASSPREFIX = MassTransit;
				LastUpgradeCheck = 0460;
				ORGANIZATIONNAME = "Kyle Maysey";
			};
			buildConfigurationList = 76FE795D171F6C160023C62C /* Build configuration list for PBXProject "MassTransit" */;
			compatibilityVersion = "Xcode 3.2";
			developmentRegion = English;
			hasScannedForEncodings = 0;
			knownRegions = (
				en,
			);
			mainGroup = 76FE7959171F6C160023C62C;
			productRefGroup = 76FE7963171F6C160023C62C /* Products */;
			projectDirPath = "";
			projectRoot = "";
			targets = (
				76FE7961171F6C160023C62C /* MassTransit */,
			);
		};
/* End PBXProject section */

/* Begin PBXResourcesBuildPhase section */
		76FE7960171F6C160023C62C /* Resources */ = {
			isa = PBXResourcesBuildPhase;
			buildActionMask = 2147483647;
			files = (
				76FE798B171F6D3A0023C62C /* Metrolink.sq3 in Resources */,
				76FE798C171F6D3A0023C62C /* MTA.sq3 in Resources */,
				76FE798D171F6D3A0023C62C /* OCTA.sq3 in Resources */,
				76FE7970171F6C160023C62C /* InfoPlist.strings in Resources */,
				76FE7978171F6C160023C62C /* Default.png in Resources */,
				76FE797A171F6C160023C62C /* Default@2x.png in Resources */,
				76FE797C171F6C160023C62C /* Default-568h@2x.png in Resources */,
				76FE797F171F6C160023C62C /* MainStoryboard.storyboard in Resources */,
				76022F801725E197004D6B9E /* metrolink_system_map.pdf in Resources */,
			);
			runOnlyForDeploymentPostprocessing = 0;
		};
/* End PBXResourcesBuildPhase section */

/* Begin PBXSourcesBuildPhase section */
		76FE795E171F6C160023C62C /* Sources */ = {
			isa = PBXSourcesBuildPhase;
			buildActionMask = 2147483647;
			files = (
				76FE7972171F6C160023C62C /* main.m in Sources */,
				76FE7976171F6C160023C62C /* MassTransitAppDelegate.m in Sources */,
				76FE7982171F6C160023C62C /* MassTransitViewController.m in Sources */,
				76FE7990171F75370023C62C /* MassTransitTableViewController.m in Sources */,
				76FE7993171F756E0023C62C /* RoutesTableViewController.m in Sources */,
				769405A11723A86500B7C2AD /* MetroDatabase.m in Sources */,
				769405A41723BBE300B7C2AD /* MetroRoute.m in Sources */,
				76022F7E1725E11C004D6B9E /* PDFViewController.m in Sources */,
				76DE093B1725EF22008D57C2 /* PDFScrollView.m in Sources */,
				76DE093E1725EFF0008D57C2 /* TiledPDFView.m in Sources */,
				76DE094317261767008D57C2 /* OCTADatabase.m in Sources */,
				76DE09461726226A008D57C2 /* OCTARoute.m in Sources */,
			);
			runOnlyForDeploymentPostprocessing = 0;
		};
/* End PBXSourcesBuildPhase section */

/* Begin PBXVariantGroup section */
		76FE796E171F6C160023C62C /* InfoPlist.strings */ = {
			isa = PBXVariantGroup;
			children = (
				76FE796F171F6C160023C62C /* en */,
			);
			name = InfoPlist.strings;
			sourceTree = "<group>";
		};
		76FE797D171F6C160023C62C /* MainStoryboard.storyboard */ = {
			isa = PBXVariantGroup;
			children = (
				76FE797E171F6C160023C62C /* en */,
			);
			name = MainStoryboard.storyboard;
			sourceTree = "<group>";
		};
/* End PBXVariantGroup section */

/* Begin XCBuildConfiguration section */
		76FE7983171F6C160023C62C /* Debug */ = {
			isa = XCBuildConfiguration;
			buildSettings = {
				ALWAYS_SEARCH_USER_PATHS = NO;
				CLANG_CXX_LANGUAGE_STANDARD = "gnu++0x";
				CLANG_CXX_LIBRARY = "libc++";
				CLANG_ENABLE_OBJC_ARC = YES;
				CLANG_WARN_CONSTANT_CONVERSION = YES;
				CLANG_WARN_EMPTY_BODY = YES;
				CLANG_WARN_ENUM_CONVERSION = YES;
				CLANG_WARN_INT_CONVERSION = YES;
				CLANG_WARN__DUPLICATE_METHOD_MATCH = YES;
				"CODE_SIGN_IDENTITY[sdk=iphoneos*]" = "iPhone Developer";
				COPY_PHASE_STRIP = NO;
				GCC_C_LANGUAGE_STANDARD = gnu99;
				GCC_DYNAMIC_NO_PIC = NO;
				GCC_OPTIMIZATION_LEVEL = 0;
				GCC_PREPROCESSOR_DEFINITIONS = (
					"DEBUG=1",
					"$(inherited)",
				);
				GCC_SYMBOLS_PRIVATE_EXTERN = NO;
				GCC_WARN_ABOUT_RETURN_TYPE = YES;
				GCC_WARN_UNINITIALIZED_AUTOS = YES;
				GCC_WARN_UNUSED_VARIABLE = YES;
				IPHONEOS_DEPLOYMENT_TARGET = 6.1;
				ONLY_ACTIVE_ARCH = YES;
				SDKROOT = iphoneos;
			};
			name = Debug;
		};
		76FE7984171F6C160023C62C /* Release */ = {
			isa = XCBuildConfiguration;
			buildSettings = {
				ALWAYS_SEARCH_USER_PATHS = NO;
				CLANG_CXX_LANGUAGE_STANDARD = "gnu++0x";
				CLANG_CXX_LIBRARY = "libc++";
				CLANG_ENABLE_OBJC_ARC = YES;
				CLANG_WARN_CONSTANT_CONVERSION = YES;
				CLANG_WARN_EMPTY_BODY = YES;
				CLANG_WARN_ENUM_CONVERSION = YES;
				CLANG_WARN_INT_CONVERSION = YES;
				CLANG_WARN__DUPLICATE_METHOD_MATCH = YES;
				"CODE_SIGN_IDENTITY[sdk=iphoneos*]" = "iPhone Developer";
				COPY_PHASE_STRIP = YES;
				GCC_C_LANGUAGE_STANDARD = gnu99;
				GCC_WARN_ABOUT_RETURN_TYPE = YES;
				GCC_WARN_UNINITIALIZED_AUTOS = YES;
				GCC_WARN_UNUSED_VARIABLE = YES;
				IPHONEOS_DEPLOYMENT_TARGET = 6.1;
				OTHER_CFLAGS = "-DNS_BLOCK_ASSERTIONS=1";
				SDKROOT = iphoneos;
				VALIDATE_PRODUCT = YES;
			};
			name = Release;
		};
		76FE7986171F6C160023C62C /* Debug */ = {
			isa = XCBuildConfiguration;
			buildSettings = {
				GCC_PRECOMPILE_PREFIX_HEADER = YES;
				GCC_PREFIX_HEADER = "MassTransit/MassTransit-Prefix.pch";
				INFOPLIST_FILE = "MassTransit/MassTransit-Info.plist";
				PRODUCT_NAME = "$(TARGET_NAME)";
				WRAPPER_EXTENSION = app;
			};
			name = Debug;
		};
		76FE7987171F6C160023C62C /* Release */ = {
			isa = XCBuildConfiguration;
			buildSettings = {
				GCC_PRECOMPILE_PREFIX_HEADER = YES;
				GCC_PREFIX_HEADER = "MassTransit/MassTransit-Prefix.pch";
				INFOPLIST_FILE = "MassTransit/MassTransit-Info.plist";
				PRODUCT_NAME = "$(TARGET_NAME)";
				WRAPPER_EXTENSION = app;
			};
			name = Release;
		};
/* End XCBuildConfiguration section */

/* Begin XCConfigurationList section */
		76FE795D171F6C160023C62C /* Build configuration list for PBXProject "MassTransit" */ = {
			isa = XCConfigurationList;
			buildConfigurations = (
				76FE7983171F6C160023C62C /* Debug */,
				76FE7984171F6C160023C62C /* Release */,
			);
			defaultConfigurationIsVisible = 0;
			defaultConfigurationName = Release;
		};
		76FE7985171F6C160023C62C /* Build configuration list for PBXNativeTarget "MassTransit" */ = {
			isa = XCConfigurationList;
			buildConfigurations = (
				76FE7986171F6C160023C62C /* Debug */,
				76FE7987171F6C160023C62C /* Release */,
			);
			defaultConfigurationIsVisible = 0;
			defaultConfigurationName = Release;
		};
/* End XCConfigurationList section */
	};
	rootObject = 76FE795A171F6C160023C62C /* Project object */;
}
